
Microsoft Visual Studio Solution File, Format Version 12.00
# Visual Studio 14
VisualStudioVersion = 14.0.25420.1
MinimumVisualStudioVersion = 10.0.40219.1
Project("{FAE04EC0-301F-11D3-BF4B-00C04F79EFBC}") = "Packager", "Packager\Packager.csproj", "{C29CEACF-32EB-45CF-818F-87590A0EFDC0}"
EndProject
Project("{2150E333-8FDC-42A3-9474-1A3956D46DE8}") = "reference", "reference", "{A80F0017-48F8-4323-A7D9-81CC4ED6AD6C}"
	ProjectSection(SolutionItems) = preProject
		reference\InputTemplate.xlsx = reference\InputTemplate.xlsx
		reference\IU_PID_1.0_technical_only.docx = reference\IU_PID_1.0_technical_only.docx
		reference\mdpi_embeddedMD_audio_20150519.docx = reference\mdpi_embeddedMD_audio_20150519.docx
		reference\MemnonExample.xml = reference\MemnonExample.xml
		reference\MemnonReference.xml = reference\MemnonReference.xml
		reference\Pod-Output.xml = reference\Pod-Output.xml
		reference\PodMetadataSchema.xsd = reference\PodMetadataSchema.xsd
		reference\ReferenceInformation.txt = reference\ReferenceInformation.txt
	EndProjectSection
EndProject
Project("{FAE04EC0-301F-11D3-BF4B-00C04F79EFBC}") = "Packager.Tests", "Packager.Test\Packager.Tests.csproj", "{52D5A6E9-5667-4163-B97A-4DB1AC4500F0}"
EndProject
Project("{2150E333-8FDC-42A3-9474-1A3956D46DE8}") = ".nuget", ".nuget", "{6A78B265-0208-4EFA-BDBA-C6A03136DBF1}"
	ProjectSection(SolutionItems) = preProject
		.nuget\NuGet.Config = .nuget\NuGet.Config
		.nuget\NuGet.exe = .nuget\NuGet.exe
		.nuget\NuGet.targets = .nuget\NuGet.targets
	EndProjectSection
EndProject
Project("{FAE04EC0-301F-11D3-BF4B-00C04F79EFBC}") = "Scheduler", "Scheduler\Scheduler.csproj", "{5F458C66-5C16-48EB-B11D-C0CF0D8F2AFE}"
EndProject
Project("{FAE04EC0-301F-11D3-BF4B-00C04F79EFBC}") = "Recorder", "Recorder\Recorder.csproj", "{A00C8365-CEE6-45F5-8809-D05D76AB6DEF}"
EndProject
Project("{FAE04EC0-301F-11D3-BF4B-00C04F79EFBC}") = "WaveInfo", "WaveInfo\WaveInfo.csproj", "{FD737CE4-6FD8-4EF9-88F4-3105F499190D}"
EndProject
Project("{2150E333-8FDC-42A3-9474-1A3956D46DE8}") = "Utilities", "Utilities", "{AE3B0A62-0256-4802-915D-FC5CABDD7A97}"
	ProjectSection(SolutionItems) = preProject
		deploy.bat = deploy.bat
	EndProjectSection
EndProject
Project("{2150E333-8FDC-42A3-9474-1A3956D46DE8}") = "Tests", "Tests", "{031C313B-FF3F-458D-82B4-667AAF2B5FF8}"
EndProject
Project("{FAE04EC0-301F-11D3-BF4B-00C04F79EFBC}") = "InteractiveScheduler", "InteractiveScheduler\InteractiveScheduler.csproj", "{F2E38B68-6CF1-4659-A377-DC78FFFBB302}"
EndProject
Project("{FAE04EC0-301F-11D3-BF4B-00C04F79EFBC}") = "SetLogonAsBatchRight", "SetLogonAsBatchRight\SetLogonAsBatchRight.csproj", "{9CC9665F-FFD5-45DD-893C-550D48E15384}"
EndProject
Project("{FAE04EC0-301F-11D3-BF4B-00C04F79EFBC}") = "Common", "Common\Common.csproj", "{3C6B5BB3-A9C6-401E-9D7F-3473B7C96DEC}"
EndProject
Project("{FAE04EC0-301F-11D3-BF4B-00C04F79EFBC}") = "Reporter", "Reporter\Reporter.csproj", "{D4910BAB-E2A5-4713-A07C-647FDCA0ACC9}"
EndProject
Global
	GlobalSection(SolutionConfigurationPlatforms) = preSolution
		Debug|Any CPU = Debug|Any CPU
		Release|Any CPU = Release|Any CPU
	EndGlobalSection
	GlobalSection(ProjectConfigurationPlatforms) = postSolution
		{C29CEACF-32EB-45CF-818F-87590A0EFDC0}.Debug|Any CPU.ActiveCfg = Debug|Any CPU
		{C29CEACF-32EB-45CF-818F-87590A0EFDC0}.Debug|Any CPU.Build.0 = Debug|Any CPU
		{C29CEACF-32EB-45CF-818F-87590A0EFDC0}.Release|Any CPU.ActiveCfg = Release|Any CPU
		{C29CEACF-32EB-45CF-818F-87590A0EFDC0}.Release|Any CPU.Build.0 = Release|Any CPU
		{52D5A6E9-5667-4163-B97A-4DB1AC4500F0}.Debug|Any CPU.ActiveCfg = Debug|Any CPU
		{52D5A6E9-5667-4163-B97A-4DB1AC4500F0}.Debug|Any CPU.Build.0 = Debug|Any CPU
		{52D5A6E9-5667-4163-B97A-4DB1AC4500F0}.Release|Any CPU.ActiveCfg = Release|Any CPU
		{52D5A6E9-5667-4163-B97A-4DB1AC4500F0}.Release|Any CPU.Build.0 = Release|Any CPU
		{5F458C66-5C16-48EB-B11D-C0CF0D8F2AFE}.Debug|Any CPU.ActiveCfg = Debug|Any CPU
		{5F458C66-5C16-48EB-B11D-C0CF0D8F2AFE}.Debug|Any CPU.Build.0 = Debug|Any CPU
		{5F458C66-5C16-48EB-B11D-C0CF0D8F2AFE}.Release|Any CPU.ActiveCfg = Release|Any CPU
		{5F458C66-5C16-48EB-B11D-C0CF0D8F2AFE}.Release|Any CPU.Build.0 = Release|Any CPU
		{A00C8365-CEE6-45F5-8809-D05D76AB6DEF}.Debug|Any CPU.ActiveCfg = Debug|Any CPU
		{A00C8365-CEE6-45F5-8809-D05D76AB6DEF}.Debug|Any CPU.Build.0 = Debug|Any CPU
		{A00C8365-CEE6-45F5-8809-D05D76AB6DEF}.Release|Any CPU.ActiveCfg = Release|Any CPU
		{A00C8365-CEE6-45F5-8809-D05D76AB6DEF}.Release|Any CPU.Build.0 = Release|Any CPU
		{FD737CE4-6FD8-4EF9-88F4-3105F499190D}.Debug|Any CPU.ActiveCfg = Debug|Any CPU
		{FD737CE4-6FD8-4EF9-88F4-3105F499190D}.Debug|Any CPU.Build.0 = Debug|Any CPU
		{FD737CE4-6FD8-4EF9-88F4-3105F499190D}.Release|Any CPU.ActiveCfg = Release|Any CPU
		{FD737CE4-6FD8-4EF9-88F4-3105F499190D}.Release|Any CPU.Build.0 = Release|Any CPU
		{F2E38B68-6CF1-4659-A377-DC78FFFBB302}.Debug|Any CPU.ActiveCfg = Debug|Any CPU
		{F2E38B68-6CF1-4659-A377-DC78FFFBB302}.Debug|Any CPU.Build.0 = Debug|Any CPU
		{F2E38B68-6CF1-4659-A377-DC78FFFBB302}.Release|Any CPU.ActiveCfg = Release|Any CPU
		{F2E38B68-6CF1-4659-A377-DC78FFFBB302}.Release|Any CPU.Build.0 = Release|Any CPU
		{9CC9665F-FFD5-45DD-893C-550D48E15384}.Debug|Any CPU.ActiveCfg = Debug|Any CPU
		{9CC9665F-FFD5-45DD-893C-550D48E15384}.Debug|Any CPU.Build.0 = Debug|Any CPU
		{9CC9665F-FFD5-45DD-893C-550D48E15384}.Release|Any CPU.ActiveCfg = Release|Any CPU
		{9CC9665F-FFD5-45DD-893C-550D48E15384}.Release|Any CPU.Build.0 = Release|Any CPU
		{3C6B5BB3-A9C6-401E-9D7F-3473B7C96DEC}.Debug|Any CPU.ActiveCfg = Debug|Any CPU
		{3C6B5BB3-A9C6-401E-9D7F-3473B7C96DEC}.Debug|Any CPU.Build.0 = Debug|Any CPU
		{3C6B5BB3-A9C6-401E-9D7F-3473B7C96DEC}.Release|Any CPU.ActiveCfg = Release|Any CPU
		{3C6B5BB3-A9C6-401E-9D7F-3473B7C96DEC}.Release|Any CPU.Build.0 = Release|Any CPU
		{D4910BAB-E2A5-4713-A07C-647FDCA0ACC9}.Debug|Any CPU.ActiveCfg = Debug|Any CPU
		{D4910BAB-E2A5-4713-A07C-647FDCA0ACC9}.Debug|Any CPU.Build.0 = Debug|Any CPU
		{D4910BAB-E2A5-4713-A07C-647FDCA0ACC9}.Release|Any CPU.ActiveCfg = Release|Any CPU
		{D4910BAB-E2A5-4713-A07C-647FDCA0ACC9}.Release|Any CPU.Build.0 = Release|Any CPU
	EndGlobalSection
	GlobalSection(SolutionProperties) = preSolution
		HideSolutionNode = FALSE
	EndGlobalSection
	GlobalSection(NestedProjects) = preSolution
		{52D5A6E9-5667-4163-B97A-4DB1AC4500F0} = {031C313B-FF3F-458D-82B4-667AAF2B5FF8}
		{5F458C66-5C16-48EB-B11D-C0CF0D8F2AFE} = {AE3B0A62-0256-4802-915D-FC5CABDD7A97}
		{FD737CE4-6FD8-4EF9-88F4-3105F499190D} = {AE3B0A62-0256-4802-915D-FC5CABDD7A97}
		{F2E38B68-6CF1-4659-A377-DC78FFFBB302} = {AE3B0A62-0256-4802-915D-FC5CABDD7A97}
		{9CC9665F-FFD5-45DD-893C-550D48E15384} = {AE3B0A62-0256-4802-915D-FC5CABDD7A97}
	EndGlobalSection
EndGlobal
