
Microsoft Visual Studio Solution File, Format Version 12.00
# Visual Studio 2013
VisualStudioVersion = 12.0.40629.0
MinimumVisualStudioVersion = 10.0.40219.1
Project("{FAE04EC0-301F-11D3-BF4B-00C04F79EFBC}") = "Packager", "Packager\Packager.csproj", "{C29CEACF-32EB-45CF-818F-87590A0EFDC0}"
EndProject
Project("{2150E333-8FDC-42A3-9474-1A3956D46DE8}") = "reference", "reference", "{A80F0017-48F8-4323-A7D9-81CC4ED6AD6C}"
	ProjectSection(SolutionItems) = preProject
		reference\InputTemplate.xlsx = reference\InputTemplate.xlsx
		reference\IU_PID_1.0_technical_only.docx = reference\IU_PID_1.0_technical_only.docx
		reference\mdpi_embeddedMD_audio_20150519.docx = reference\mdpi_embeddedMD_audio_20150519.docx
		MemnonExample.xml = MemnonExample.xml
		reference\MemnonReference.xml = reference\MemnonReference.xml
		reference\Pod-Output.xml = reference\Pod-Output.xml
		reference\PodMetadataSchema.xsd = reference\PodMetadataSchema.xsd
		reference\ReferenceInformation.txt = reference\ReferenceInformation.txt
	EndProjectSection
EndProject
Project("{FAE04EC0-301F-11D3-BF4B-00C04F79EFBC}") = "Packager.Tests", "Packager.Test\Packager.Tests.csproj", "{52D5A6E9-5667-4163-B97A-4DB1AC4500F0}"
EndProject
Project("{2150E333-8FDC-42A3-9474-1A3956D46DE8}") = ".nuget", ".nuget", "{6A78B265-0208-4EFA-BDBA-C6A03136DBF1}"
	ProjectSection(SolutionItems) = preProject
		.nuget\NuGet.Config = .nuget\NuGet.Config
		.nuget\NuGet.exe = .nuget\NuGet.exe
		.nuget\NuGet.targets = .nuget\NuGet.targets
	EndProjectSection
EndProject
Project("{FAE04EC0-301F-11D3-BF4B-00C04F79EFBC}") = "Scheduler", "Scheduler\Scheduler.csproj", "{5F458C66-5C16-48EB-B11D-C0CF0D8F2AFE}"
EndProject
Global
	GlobalSection(SolutionConfigurationPlatforms) = preSolution
		Debug|Any CPU = Debug|Any CPU
		Release|Any CPU = Release|Any CPU
	EndGlobalSection
	GlobalSection(ProjectConfigurationPlatforms) = postSolution
		{C29CEACF-32EB-45CF-818F-87590A0EFDC0}.Debug|Any CPU.ActiveCfg = Debug|Any CPU
		{C29CEACF-32EB-45CF-818F-87590A0EFDC0}.Debug|Any CPU.Build.0 = Debug|Any CPU
		{C29CEACF-32EB-45CF-818F-87590A0EFDC0}.Release|Any CPU.ActiveCfg = Release|Any CPU
		{C29CEACF-32EB-45CF-818F-87590A0EFDC0}.Release|Any CPU.Build.0 = Release|Any CPU
		{52D5A6E9-5667-4163-B97A-4DB1AC4500F0}.Debug|Any CPU.ActiveCfg = Debug|Any CPU
		{52D5A6E9-5667-4163-B97A-4DB1AC4500F0}.Debug|Any CPU.Build.0 = Debug|Any CPU
		{52D5A6E9-5667-4163-B97A-4DB1AC4500F0}.Release|Any CPU.ActiveCfg = Release|Any CPU
		{52D5A6E9-5667-4163-B97A-4DB1AC4500F0}.Release|Any CPU.Build.0 = Release|Any CPU
		{5F458C66-5C16-48EB-B11D-C0CF0D8F2AFE}.Debug|Any CPU.ActiveCfg = Debug|Any CPU
		{5F458C66-5C16-48EB-B11D-C0CF0D8F2AFE}.Debug|Any CPU.Build.0 = Debug|Any CPU
		{5F458C66-5C16-48EB-B11D-C0CF0D8F2AFE}.Release|Any CPU.ActiveCfg = Release|Any CPU
		{5F458C66-5C16-48EB-B11D-C0CF0D8F2AFE}.Release|Any CPU.Build.0 = Release|Any CPU
	EndGlobalSection
	GlobalSection(SolutionProperties) = preSolution
		HideSolutionNode = FALSE
	EndGlobalSection
EndGlobal
